
Microsoft Visual Studio Solution File, Format Version 12.00
# Visual Studio Version 17
VisualStudioVersion = 17.10.34928.147
MinimumVisualStudioVersion = 10.0.40219.1
Project("{FAE04EC0-301F-11D3-BF4B-00C04F79EFBC}") = "ProjetoAula01", "ProjetoAula01\ProjetoAula01.csproj", "{38BBF45D-798E-4763-AFA8-8C8A2AB8BD7E}"
EndProject
Global
	GlobalSection(SolutionConfigurationPlatforms) = preSolution
		Debug|Any CPU = Debug|Any CPU
		Release|Any CPU = Release|Any CPU
	EndGlobalSection
	GlobalSection(ProjectConfigurationPlatforms) = postSolution
		{38BBF45D-798E-4763-AFA8-8C8A2AB8BD7E}.Debug|Any CPU.ActiveCfg = Debug|Any CPU
		{38BBF45D-798E-4763-AFA8-8C8A2AB8BD7E}.Debug|Any CPU.Build.0 = Debug|Any CPU
		{38BBF45D-798E-4763-AFA8-8C8A2AB8BD7E}.Release|Any CPU.ActiveCfg = Release|Any CPU
		{38BBF45D-798E-4763-AFA8-8C8A2AB8BD7E}.Release|Any CPU.Build.0 = Release|Any CPU
	EndGlobalSection
	GlobalSection(SolutionProperties) = preSolution
		HideSolutionNode = FALSE
	EndGlobalSection
	GlobalSection(ExtensibilityGlobals) = postSolution
		SolutionGuid = {95CA9E53-9C2C-4043-AC9B-647ACC5F4882}
	EndGlobalSection
EndGlobal
